
Microsoft Visual Studio Solution File, Format Version 12.00
# Visual Studio 15
VisualStudioVersion = 15.0.34031.82
MinimumVisualStudioVersion = 10.0.40219.1
Project("{8BC9CEB8-8B4A-11D0-8D11-00A0C91BC942}") = "5_35", "5_35\5_35.vcxproj", "{7A4FFD78-9AD9-4335-86C0-23B12F6392F9}"
EndProject
Global
	GlobalSection(SolutionConfigurationPlatforms) = preSolution
		Debug|x64 = Debug|x64
		Debug|x86 = Debug|x86
		Release|x64 = Release|x64
		Release|x86 = Release|x86
	EndGlobalSection
	GlobalSection(ProjectConfigurationPlatforms) = postSolution
		{7A4FFD78-9AD9-4335-86C0-23B12F6392F9}.Debug|x64.ActiveCfg = Debug|x64
		{7A4FFD78-9AD9-4335-86C0-23B12F6392F9}.Debug|x64.Build.0 = Debug|x64
		{7A4FFD78-9AD9-4335-86C0-23B12F6392F9}.Debug|x86.ActiveCfg = Debug|Win32
		{7A4FFD78-9AD9-4335-86C0-23B12F6392F9}.Debug|x86.Build.0 = Debug|Win32
		{7A4FFD78-9AD9-4335-86C0-23B12F6392F9}.Release|x64.ActiveCfg = Release|x64
		{7A4FFD78-9AD9-4335-86C0-23B12F6392F9}.Release|x64.Build.0 = Release|x64
		{7A4FFD78-9AD9-4335-86C0-23B12F6392F9}.Release|x86.ActiveCfg = Release|Win32
		{7A4FFD78-9AD9-4335-86C0-23B12F6392F9}.Release|x86.Build.0 = Release|Win32
	EndGlobalSection
	GlobalSection(SolutionProperties) = preSolution
		HideSolutionNode = FALSE
	EndGlobalSection
	GlobalSection(ExtensibilityGlobals) = postSolution
		SolutionGuid = {4ED88407-9A53-43A6-8E23-6A5C82349993}
	EndGlobalSection
EndGlobal
